dependencies:
  espressif/cmake_utilities:
    component_hash: 351350613ceafba240b761b4ea991e0f231ac7a9f59a9ee901f751bddc0bb18f
    dependencies:
    - name: idf
      require: private
      version: '>=4.1'
    source:
      registry_url: https://components.espressif.com/
      type: service
    version: 0.5.3
  idf:
    source:
      type: idf
    version: 5.4.0
direct_dependencies:
- espressif/cmake_utilities
- idf
manifest_hash: 987287d824e2daaa24043a6a00cf1ba5eae2f45c196efb39e862b1af4bce519c
target: esp32c6
version: 2.0.0
